PODS:
  - OpenSans (1.0.3)
  - Whisper (6.0.2):
    - OpenSans

DEPENDENCIES:
  - OpenSans (from `https://github.com/CocoaPods-Fonts/OpenSans.git`, commit `0be3f18`)
  - Whisper (from `../../`)

EXTERNAL SOURCES:
  OpenSans:
    :commit: 0be3f18
    :git: https://github.com/CocoaPods-Fonts/OpenSans.git
  Whisper:
    :path: "../../"

CHECKOUT OPTIONS:
  OpenSans:
    :commit: 0be3f18
    :git: https://github.com/CocoaPods-Fonts/OpenSans.git

SPEC CHECKSUMS:
  OpenSans: 33078846463eae780aa5f82986b51cce085f970d
  Whisper: 166a92899bae21850b08a4faab2bb86997b4bd08

PODFILE CHECKSUM: 425061d35d61392dd30c118617939933ac0a14f9

COCOAPODS: 1.6.0.beta.1
